
Microsoft Visual Studio Solution File, Format Version 12.00
# Visual Studio Version 17
VisualStudioVersion = 17.3.32811.315
MinimumVisualStudioVersion = 10.0.40219.1
Project("{FAE04EC0-301F-11D3-BF4B-00C04F79EFBC}") = "AppHotelV2.Android", "AppHotelV2.Android\AppHotelV2.Android.csproj", "{3B2DA53C-CECE-4484-AF93-67017ADD9E84}"
EndProject
Project("{FAE04EC0-301F-11D3-BF4B-00C04F79EFBC}") = "AppHotelV2", "AppHotelV2\AppHotelV2.csproj", "{356CCF8F-142A-4199-8A69-FB2FB6543CE4}"
EndProject
Global
	GlobalSection(SolutionConfigurationPlatforms) = preSolution
		Debug|Any CPU = Debug|Any CPU
		Release|Any CPU = Release|Any CPU
	EndGlobalSection
	GlobalSection(ProjectConfigurationPlatforms) = postSolution
		{3B2DA53C-CECE-4484-AF93-67017ADD9E84}.Debug|Any CPU.ActiveCfg = Debug|Any CPU
		{3B2DA53C-CECE-4484-AF93-67017ADD9E84}.Debug|Any CPU.Build.0 = Debug|Any CPU
		{3B2DA53C-CECE-4484-AF93-67017ADD9E84}.Debug|Any CPU.Deploy.0 = Debug|Any CPU
		{3B2DA53C-CECE-4484-AF93-67017ADD9E84}.Release|Any CPU.ActiveCfg = Release|Any CPU
		{3B2DA53C-CECE-4484-AF93-67017ADD9E84}.Release|Any CPU.Build.0 = Release|Any CPU
		{3B2DA53C-CECE-4484-AF93-67017ADD9E84}.Release|Any CPU.Deploy.0 = Release|Any CPU
		{356CCF8F-142A-4199-8A69-FB2FB6543CE4}.Debug|Any CPU.ActiveCfg = Debug|Any CPU
		{356CCF8F-142A-4199-8A69-FB2FB6543CE4}.Debug|Any CPU.Build.0 = Debug|Any CPU
		{356CCF8F-142A-4199-8A69-FB2FB6543CE4}.Debug|Any CPU.Deploy.0 = Debug|Any CPU
		{356CCF8F-142A-4199-8A69-FB2FB6543CE4}.Release|Any CPU.ActiveCfg = Release|Any CPU
		{356CCF8F-142A-4199-8A69-FB2FB6543CE4}.Release|Any CPU.Build.0 = Release|Any CPU
		{356CCF8F-142A-4199-8A69-FB2FB6543CE4}.Release|Any CPU.Deploy.0 = Release|Any CPU
	EndGlobalSection
	GlobalSection(SolutionProperties) = preSolution
		HideSolutionNode = FALSE
	EndGlobalSection
	GlobalSection(ExtensibilityGlobals) = postSolution
		SolutionGuid = {3D7019F7-7D72-4CFC-83FA-A55E805952B1}
	EndGlobalSection
EndGlobal
